
Microsoft Visual Studio Solution File, Format Version 12.00
# Visual Studio Version 16
VisualStudioVersion = 16.0.30717.126
MinimumVisualStudioVersion = 10.0.40219.1
Project("{FAE04EC0-301F-11D3-BF4B-00C04F79EFBC}") = "MacroMinder", "MacroMinder\MacroMinder.csproj", "{5FE93ACF-593B-4842-B086-8C185E66975B}"
EndProject
Project("{FAE04EC0-301F-11D3-BF4B-00C04F79EFBC}") = "MacroMinder.Data", "MacroMinder.Data\MacroMinder.Data.csproj", "{DD01A70A-B316-43E0-B2EF-8931F798BF86}"
EndProject
Project("{FAE04EC0-301F-11D3-BF4B-00C04F79EFBC}") = "MacroMinder.Models", "MacroMinder.Models\MacroMinder.Models.csproj", "{85DE77F7-FC31-494A-B0D3-1179C18E0852}"
EndProject
Project("{FAE04EC0-301F-11D3-BF4B-00C04F79EFBC}") = "MacroMinder.Services", "MacroMinder.Services\MacroMinder.Services.csproj", "{524F75A1-1A63-4BAC-9FF3-A8EFCF8AD508}"
EndProject
Project("{FAE04EC0-301F-11D3-BF4B-00C04F79EFBC}") = "UnitTests", "UnitTests\UnitTests.csproj", "{9847C3E4-5C19-4C24-BB6B-4726E9E864EB}"
	ProjectSection(ProjectDependencies) = postProject
		{DD01A70A-B316-43E0-B2EF-8931F798BF86} = {DD01A70A-B316-43E0-B2EF-8931F798BF86}
		{85DE77F7-FC31-494A-B0D3-1179C18E0852} = {85DE77F7-FC31-494A-B0D3-1179C18E0852}
	EndProjectSection
EndProject
Global
	GlobalSection(SolutionConfigurationPlatforms) = preSolution
		Debug|Any CPU = Debug|Any CPU
		Release|Any CPU = Release|Any CPU
	EndGlobalSection
	GlobalSection(ProjectConfigurationPlatforms) = postSolution
		{5FE93ACF-593B-4842-B086-8C185E66975B}.Debug|Any CPU.ActiveCfg = Debug|Any CPU
		{5FE93ACF-593B-4842-B086-8C185E66975B}.Debug|Any CPU.Build.0 = Debug|Any CPU
		{5FE93ACF-593B-4842-B086-8C185E66975B}.Release|Any CPU.ActiveCfg = Release|Any CPU
		{5FE93ACF-593B-4842-B086-8C185E66975B}.Release|Any CPU.Build.0 = Release|Any CPU
		{DD01A70A-B316-43E0-B2EF-8931F798BF86}.Debug|Any CPU.ActiveCfg = Debug|Any CPU
		{DD01A70A-B316-43E0-B2EF-8931F798BF86}.Debug|Any CPU.Build.0 = Debug|Any CPU
		{DD01A70A-B316-43E0-B2EF-8931F798BF86}.Release|Any CPU.ActiveCfg = Release|Any CPU
		{DD01A70A-B316-43E0-B2EF-8931F798BF86}.Release|Any CPU.Build.0 = Release|Any CPU
		{85DE77F7-FC31-494A-B0D3-1179C18E0852}.Debug|Any CPU.ActiveCfg = Debug|Any CPU
		{85DE77F7-FC31-494A-B0D3-1179C18E0852}.Debug|Any CPU.Build.0 = Debug|Any CPU
		{85DE77F7-FC31-494A-B0D3-1179C18E0852}.Release|Any CPU.ActiveCfg = Release|Any CPU
		{85DE77F7-FC31-494A-B0D3-1179C18E0852}.Release|Any CPU.Build.0 = Release|Any CPU
		{524F75A1-1A63-4BAC-9FF3-A8EFCF8AD508}.Debug|Any CPU.ActiveCfg = Debug|Any CPU
		{524F75A1-1A63-4BAC-9FF3-A8EFCF8AD508}.Debug|Any CPU.Build.0 = Debug|Any CPU
		{524F75A1-1A63-4BAC-9FF3-A8EFCF8AD508}.Release|Any CPU.ActiveCfg = Release|Any CPU
		{524F75A1-1A63-4BAC-9FF3-A8EFCF8AD508}.Release|Any CPU.Build.0 = Release|Any CPU
		{9847C3E4-5C19-4C24-BB6B-4726E9E864EB}.Debug|Any CPU.ActiveCfg = Debug|Any CPU
		{9847C3E4-5C19-4C24-BB6B-4726E9E864EB}.Debug|Any CPU.Build.0 = Debug|Any CPU
		{9847C3E4-5C19-4C24-BB6B-4726E9E864EB}.Release|Any CPU.ActiveCfg = Release|Any CPU
		{9847C3E4-5C19-4C24-BB6B-4726E9E864EB}.Release|Any CPU.Build.0 = Release|Any CPU
	EndGlobalSection
	GlobalSection(SolutionProperties) = preSolution
		HideSolutionNode = FALSE
	EndGlobalSection
	GlobalSection(ExtensibilityGlobals) = postSolution
		SolutionGuid = {6DBB0B4E-6373-45B3-8D13-2E51F693B1E1}
	EndGlobalSection
EndGlobal
